<?xml version="1.0" encoding="UTF-8" standalone="yes" ?>
<CodeBlocks_project_file>
	<FileVersion major="1" minor="6" />
	<Project>
		<Option title="OpenGL_osiedle" />
		<Option pch_mode="2" />
		<Option compiler="gcc" />
		<Build>
			<Target title="Debug">
				<Option output="bin/Debug/OpenGL_osiedle" prefix_auto="1" extension_auto="1" />
				<Option object_output="obj/Debug/" />
				<Option type="1" />
				<Option compiler="gcc" />
				<Compiler>
					<Add option="-g" />
					<Add directory="include" />
					<Add directory="Zadanie 3/include" />
					<Add directory="D:/Code/Git/PAG/PAG/Zadanie 3/include" />
				</Compiler>
			</Target>
			<Target title="Release">
				<Option output="bin/Release/OpenGL_osiedle" prefix_auto="1" extension_auto="1" />
				<Option object_output="obj/Release/" />
				<Option type="1" />
				<Option compiler="gcc" />
				<Compiler>
					<Add option="-O2" />
					<Add directory="include" />
					<Add directory="Zadanie 3/include" />
					<Add directory="D:/Code/Git/PAG/PAG/Zadanie 3/include" />
				</Compiler>
				<Linker>
					<Add option="-s" />
				</Linker>
			</Target>
		</Build>
		<Compiler>
			<Add option="-Wall" />
			<Add option="-fexceptions" />
			<Add option="-DGLFW_STATIC" />
			<Add directory="E:/DevKit/MinGW_Lib/GLFW/include" />
			<Add directory="../OpenGL" />
			<Add directory="../OpenGL/GLAD/include" />
			<Add directory="../OpenGL/ImGui/include" />
			<Add directory="../OpenGL/GL_stb_image/include" />
		</Compiler>
		<Linker>
			<Add library="glfw3" />
			<Add library="gdi32" />
			<Add directory="E:/DevKit/MinGW_Lib/GLFW/build/src" />
		</Linker>
		<Unit filename="../OpenGL/GLAD/include/glad/glad.h" />
		<Unit filename="../OpenGL/GLAD/src/glad.c">
			<Option compilerVar="CC" />
		</Unit>
		<Unit filename="../OpenGL/GLM/common.hpp" />
		<Unit filename="../OpenGL/GLM/detail/_features.hpp" />
		<Unit filename="../OpenGL/GLM/detail/_fixes.hpp" />
		<Unit filename="../OpenGL/GLM/detail/_noise.hpp" />
		<Unit filename="../OpenGL/GLM/detail/_swizzle.hpp" />
		<Unit filename="../OpenGL/GLM/detail/_swizzle_func.hpp" />
		<Unit filename="../OpenGL/GLM/detail/_vectorize.hpp" />
		<Unit filename="../OpenGL/GLM/detail/compute_common.hpp" />
		<Unit filename="../OpenGL/GLM/detail/compute_vector_relational.hpp" />
		<Unit filename="../OpenGL/GLM/detail/glm.cpp" />
		<Unit filename="../OpenGL/GLM/detail/qualifier.hpp" />
		<Unit filename="../OpenGL/GLM/detail/setup.hpp" />
		<Unit filename="../OpenGL/GLM/detail/type_float.hpp" />
		<Unit filename="../OpenGL/GLM/detail/type_half.hpp" />
		<Unit filename="../OpenGL/GLM/detail/type_mat2x2.hpp" />
		<Unit filename="../OpenGL/GLM/detail/type_mat2x3.hpp" />
		<Unit filename="../OpenGL/GLM/detail/type_mat2x4.hpp" />
		<Unit filename="../OpenGL/GLM/detail/type_mat3x2.hpp" />
		<Unit filename="../OpenGL/GLM/detail/type_mat3x3.hpp" />
		<Unit filename="../OpenGL/GLM/detail/type_mat3x4.hpp" />
		<Unit filename="../OpenGL/GLM/detail/type_mat4x2.hpp" />
		<Unit filename="../OpenGL/GLM/detail/type_mat4x3.hpp" />
		<Unit filename="../OpenGL/GLM/detail/type_mat4x4.hpp" />
		<Unit filename="../OpenGL/GLM/detail/type_quat.hpp" />
		<Unit filename="../OpenGL/GLM/detail/type_vec1.hpp" />
		<Unit filename="../OpenGL/GLM/detail/type_vec2.hpp" />
		<Unit filename="../OpenGL/GLM/detail/type_vec3.hpp" />
		<Unit filename="../OpenGL/GLM/detail/type_vec4.hpp" />
		<Unit filename="../OpenGL/GLM/exponential.hpp" />
		<Unit filename="../OpenGL/GLM/ext.hpp" />
		<Unit filename="../OpenGL/GLM/ext/matrix_clip_space.hpp" />
		<Unit filename="../OpenGL/GLM/ext/matrix_common.hpp" />
		<Unit filename="../OpenGL/GLM/ext/matrix_double2x2.hpp" />
		<Unit filename="../OpenGL/GLM/ext/matrix_double2x2_precision.hpp" />
		<Unit filename="../OpenGL/GLM/ext/matrix_double2x3.hpp" />
		<Unit filename="../OpenGL/GLM/ext/matrix_double2x3_precision.hpp" />
		<Unit filename="../OpenGL/GLM/ext/matrix_double2x4.hpp" />
		<Unit filename="../OpenGL/GLM/ext/matrix_double2x4_precision.hpp" />
		<Unit filename="../OpenGL/GLM/ext/matrix_double3x2.hpp" />
		<Unit filename="../OpenGL/GLM/ext/matrix_double3x2_precision.hpp" />
		<Unit filename="../OpenGL/GLM/ext/matrix_double3x3.hpp" />
		<Unit filename="../OpenGL/GLM/ext/matrix_double3x3_precision.hpp" />
		<Unit filename="../OpenGL/GLM/ext/matrix_double3x4.hpp" />
		<Unit filename="../OpenGL/GLM/ext/matrix_double3x4_precision.hpp" />
		<Unit filename="../OpenGL/GLM/ext/matrix_double4x2.hpp" />
		<Unit filename="../OpenGL/GLM/ext/matrix_double4x2_precision.hpp" />
		<Unit filename="../OpenGL/GLM/ext/matrix_double4x3.hpp" />
		<Unit filename="../OpenGL/GLM/ext/matrix_double4x3_precision.hpp" />
		<Unit filename="../OpenGL/GLM/ext/matrix_double4x4.hpp" />
		<Unit filename="../OpenGL/GLM/ext/matrix_double4x4_precision.hpp" />
		<Unit filename="../OpenGL/GLM/ext/matrix_float2x2.hpp" />
		<Unit filename="../OpenGL/GLM/ext/matrix_float2x2_precision.hpp" />
		<Unit filename="../OpenGL/GLM/ext/matrix_float2x3.hpp" />
		<Unit filename="../OpenGL/GLM/ext/matrix_float2x3_precision.hpp" />
		<Unit filename="../OpenGL/GLM/ext/matrix_float2x4.hpp" />
		<Unit filename="../OpenGL/GLM/ext/matrix_float2x4_precision.hpp" />
		<Unit filename="../OpenGL/GLM/ext/matrix_float3x2.hpp" />
		<Unit filename="../OpenGL/GLM/ext/matrix_float3x2_precision.hpp" />
		<Unit filename="../OpenGL/GLM/ext/matrix_float3x3.hpp" />
		<Unit filename="../OpenGL/GLM/ext/matrix_float3x3_precision.hpp" />
		<Unit filename="../OpenGL/GLM/ext/matrix_float3x4.hpp" />
		<Unit filename="../OpenGL/GLM/ext/matrix_float3x4_precision.hpp" />
		<Unit filename="../OpenGL/GLM/ext/matrix_float4x2.hpp" />
		<Unit filename="../OpenGL/GLM/ext/matrix_float4x2_precision.hpp" />
		<Unit filename="../OpenGL/GLM/ext/matrix_float4x3.hpp" />
		<Unit filename="../OpenGL/GLM/ext/matrix_float4x3_precision.hpp" />
		<Unit filename="../OpenGL/GLM/ext/matrix_float4x4.hpp" />
		<Unit filename="../OpenGL/GLM/ext/matrix_float4x4_precision.hpp" />
		<Unit filename="../OpenGL/GLM/ext/matrix_int2x2.hpp" />
		<Unit filename="../OpenGL/GLM/ext/matrix_int2x2_sized.hpp" />
		<Unit filename="../OpenGL/GLM/ext/matrix_int2x3.hpp" />
		<Unit filename="../OpenGL/GLM/ext/matrix_int2x3_sized.hpp" />
		<Unit filename="../OpenGL/GLM/ext/matrix_int2x4.hpp" />
		<Unit filename="../OpenGL/GLM/ext/matrix_int2x4_sized.hpp" />
		<Unit filename="../OpenGL/GLM/ext/matrix_int3x2.hpp" />
		<Unit filename="../OpenGL/GLM/ext/matrix_int3x2_sized.hpp" />
		<Unit filename="../OpenGL/GLM/ext/matrix_int3x3.hpp" />
		<Unit filename="../OpenGL/GLM/ext/matrix_int3x3_sized.hpp" />
		<Unit filename="../OpenGL/GLM/ext/matrix_int3x4.hpp" />
		<Unit filename="../OpenGL/GLM/ext/matrix_int3x4_sized.hpp" />
		<Unit filename="../OpenGL/GLM/ext/matrix_int4x2.hpp" />
		<Unit filename="../OpenGL/GLM/ext/matrix_int4x2_sized.hpp" />
		<Unit filename="../OpenGL/GLM/ext/matrix_int4x3.hpp" />
		<Unit filename="../OpenGL/GLM/ext/matrix_int4x3_sized.hpp" />
		<Unit filename="../OpenGL/GLM/ext/matrix_int4x4.hpp" />
		<Unit filename="../OpenGL/GLM/ext/matrix_int4x4_sized.hpp" />
		<Unit filename="../OpenGL/GLM/ext/matrix_projection.hpp" />
		<Unit filename="../OpenGL/GLM/ext/matrix_relational.hpp" />
		<Unit filename="../OpenGL/GLM/ext/matrix_transform.hpp" />
		<Unit filename="../OpenGL/GLM/ext/matrix_uint2x2.hpp" />
		<Unit filename="../OpenGL/GLM/ext/matrix_uint2x2_sized.hpp" />
		<Unit filename="../OpenGL/GLM/ext/matrix_uint2x3.hpp" />
		<Unit filename="../OpenGL/GLM/ext/matrix_uint2x3_sized.hpp" />
		<Unit filename="../OpenGL/GLM/ext/matrix_uint2x4.hpp" />
		<Unit filename="../OpenGL/GLM/ext/matrix_uint2x4_sized.hpp" />
		<Unit filename="../OpenGL/GLM/ext/matrix_uint3x2.hpp" />
		<Unit filename="../OpenGL/GLM/ext/matrix_uint3x2_sized.hpp" />
		<Unit filename="../OpenGL/GLM/ext/matrix_uint3x3.hpp" />
		<Unit filename="../OpenGL/GLM/ext/matrix_uint3x3_sized.hpp" />
		<Unit filename="../OpenGL/GLM/ext/matrix_uint3x4.hpp" />
		<Unit filename="../OpenGL/GLM/ext/matrix_uint3x4_sized.hpp" />
		<Unit filename="../OpenGL/GLM/ext/matrix_uint4x2.hpp" />
		<Unit filename="../OpenGL/GLM/ext/matrix_uint4x2_sized.hpp" />
		<Unit filename="../OpenGL/GLM/ext/matrix_uint4x3.hpp" />
		<Unit filename="../OpenGL/GLM/ext/matrix_uint4x3_sized.hpp" />
		<Unit filename="../OpenGL/GLM/ext/matrix_uint4x4.hpp" />
		<Unit filename="../OpenGL/GLM/ext/matrix_uint4x4_sized.hpp" />
		<Unit filename="../OpenGL/GLM/ext/quaternion_common.hpp" />
		<Unit filename="../OpenGL/GLM/ext/quaternion_double.hpp" />
		<Unit filename="../OpenGL/GLM/ext/quaternion_double_precision.hpp" />
		<Unit filename="../OpenGL/GLM/ext/quaternion_exponential.hpp" />
		<Unit filename="../OpenGL/GLM/ext/quaternion_float.hpp" />
		<Unit filename="../OpenGL/GLM/ext/quaternion_float_precision.hpp" />
		<Unit filename="../OpenGL/GLM/ext/quaternion_geometric.hpp" />
		<Unit filename="../OpenGL/GLM/ext/quaternion_relational.hpp" />
		<Unit filename="../OpenGL/GLM/ext/quaternion_transform.hpp" />
		<Unit filename="../OpenGL/GLM/ext/quaternion_trigonometric.hpp" />
		<Unit filename="../OpenGL/GLM/ext/scalar_common.hpp" />
		<Unit filename="../OpenGL/GLM/ext/scalar_constants.hpp" />
		<Unit filename="../OpenGL/GLM/ext/scalar_int_sized.hpp" />
		<Unit filename="../OpenGL/GLM/ext/scalar_integer.hpp" />
		<Unit filename="../OpenGL/GLM/ext/scalar_packing.hpp" />
		<Unit filename="../OpenGL/GLM/ext/scalar_relational.hpp" />
		<Unit filename="../OpenGL/GLM/ext/scalar_uint_sized.hpp" />
		<Unit filename="../OpenGL/GLM/ext/scalar_ulp.hpp" />
		<Unit filename="../OpenGL/GLM/ext/vector_bool1.hpp" />
		<Unit filename="../OpenGL/GLM/ext/vector_bool1_precision.hpp" />
		<Unit filename="../OpenGL/GLM/ext/vector_bool2.hpp" />
		<Unit filename="../OpenGL/GLM/ext/vector_bool2_precision.hpp" />
		<Unit filename="../OpenGL/GLM/ext/vector_bool3.hpp" />
		<Unit filename="../OpenGL/GLM/ext/vector_bool3_precision.hpp" />
		<Unit filename="../OpenGL/GLM/ext/vector_bool4.hpp" />
		<Unit filename="../OpenGL/GLM/ext/vector_bool4_precision.hpp" />
		<Unit filename="../OpenGL/GLM/ext/vector_common.hpp" />
		<Unit filename="../OpenGL/GLM/ext/vector_double1.hpp" />
		<Unit filename="../OpenGL/GLM/ext/vector_double1_precision.hpp" />
		<Unit filename="../OpenGL/GLM/ext/vector_double2.hpp" />
		<Unit filename="../OpenGL/GLM/ext/vector_double2_precision.hpp" />
		<Unit filename="../OpenGL/GLM/ext/vector_double3.hpp" />
		<Unit filename="../OpenGL/GLM/ext/vector_double3_precision.hpp" />
		<Unit filename="../OpenGL/GLM/ext/vector_double4.hpp" />
		<Unit filename="../OpenGL/GLM/ext/vector_double4_precision.hpp" />
		<Unit filename="../OpenGL/GLM/ext/vector_float1.hpp" />
		<Unit filename="../OpenGL/GLM/ext/vector_float1_precision.hpp" />
		<Unit filename="../OpenGL/GLM/ext/vector_float2.hpp" />
		<Unit filename="../OpenGL/GLM/ext/vector_float2_precision.hpp" />
		<Unit filename="../OpenGL/GLM/ext/vector_float3.hpp" />
		<Unit filename="../OpenGL/GLM/ext/vector_float3_precision.hpp" />
		<Unit filename="../OpenGL/GLM/ext/vector_float4.hpp" />
		<Unit filename="../OpenGL/GLM/ext/vector_float4_precision.hpp" />
		<Unit filename="../OpenGL/GLM/ext/vector_int1.hpp" />
		<Unit filename="../OpenGL/GLM/ext/vector_int1_sized.hpp" />
		<Unit filename="../OpenGL/GLM/ext/vector_int2.hpp" />
		<Unit filename="../OpenGL/GLM/ext/vector_int2_sized.hpp" />
		<Unit filename="../OpenGL/GLM/ext/vector_int3.hpp" />
		<Unit filename="../OpenGL/GLM/ext/vector_int3_sized.hpp" />
		<Unit filename="../OpenGL/GLM/ext/vector_int4.hpp" />
		<Unit filename="../OpenGL/GLM/ext/vector_int4_sized.hpp" />
		<Unit filename="../OpenGL/GLM/ext/vector_integer.hpp" />
		<Unit filename="../OpenGL/GLM/ext/vector_packing.hpp" />
		<Unit filename="../OpenGL/GLM/ext/vector_relational.hpp" />
		<Unit filename="../OpenGL/GLM/ext/vector_uint1.hpp" />
		<Unit filename="../OpenGL/GLM/ext/vector_uint1_sized.hpp" />
		<Unit filename="../OpenGL/GLM/ext/vector_uint2.hpp" />
		<Unit filename="../OpenGL/GLM/ext/vector_uint2_sized.hpp" />
		<Unit filename="../OpenGL/GLM/ext/vector_uint3.hpp" />
		<Unit filename="../OpenGL/GLM/ext/vector_uint3_sized.hpp" />
		<Unit filename="../OpenGL/GLM/ext/vector_uint4.hpp" />
		<Unit filename="../OpenGL/GLM/ext/vector_uint4_sized.hpp" />
		<Unit filename="../OpenGL/GLM/ext/vector_ulp.hpp" />
		<Unit filename="../OpenGL/GLM/fwd.hpp" />
		<Unit filename="../OpenGL/GLM/geometric.hpp" />
		<Unit filename="../OpenGL/GLM/glm.hpp" />
		<Unit filename="../OpenGL/GLM/gtc/bitfield.hpp" />
		<Unit filename="../OpenGL/GLM/gtc/color_space.hpp" />
		<Unit filename="../OpenGL/GLM/gtc/constants.hpp" />
		<Unit filename="../OpenGL/GLM/gtc/epsilon.hpp" />
		<Unit filename="../OpenGL/GLM/gtc/integer.hpp" />
		<Unit filename="../OpenGL/GLM/gtc/matrix_access.hpp" />
		<Unit filename="../OpenGL/GLM/gtc/matrix_integer.hpp" />
		<Unit filename="../OpenGL/GLM/gtc/matrix_inverse.hpp" />
		<Unit filename="../OpenGL/GLM/gtc/matrix_transform.hpp" />
		<Unit filename="../OpenGL/GLM/gtc/noise.hpp" />
		<Unit filename="../OpenGL/GLM/gtc/packing.hpp" />
		<Unit filename="../OpenGL/GLM/gtc/quaternion.hpp" />
		<Unit filename="../OpenGL/GLM/gtc/random.hpp" />
		<Unit filename="../OpenGL/GLM/gtc/reciprocal.hpp" />
		<Unit filename="../OpenGL/GLM/gtc/round.hpp" />
		<Unit filename="../OpenGL/GLM/gtc/type_aligned.hpp" />
		<Unit filename="../OpenGL/GLM/gtc/type_precision.hpp" />
		<Unit filename="../OpenGL/GLM/gtc/type_ptr.hpp" />
		<Unit filename="../OpenGL/GLM/gtc/ulp.hpp" />
		<Unit filename="../OpenGL/GLM/gtc/vec1.hpp" />
		<Unit filename="../OpenGL/GLM/gtx/associated_min_max.hpp" />
		<Unit filename="../OpenGL/GLM/gtx/bit.hpp" />
		<Unit filename="../OpenGL/GLM/gtx/closest_point.hpp" />
		<Unit filename="../OpenGL/GLM/gtx/color_encoding.hpp" />
		<Unit filename="../OpenGL/GLM/gtx/color_space.hpp" />
		<Unit filename="../OpenGL/GLM/gtx/color_space_YCoCg.hpp" />
		<Unit filename="../OpenGL/GLM/gtx/common.hpp" />
		<Unit filename="../OpenGL/GLM/gtx/compatibility.hpp" />
		<Unit filename="../OpenGL/GLM/gtx/component_wise.hpp" />
		<Unit filename="../OpenGL/GLM/gtx/dual_quaternion.hpp" />
		<Unit filename="../OpenGL/GLM/gtx/easing.hpp" />
		<Unit filename="../OpenGL/GLM/gtx/euler_angles.hpp" />
		<Unit filename="../OpenGL/GLM/gtx/extend.hpp" />
		<Unit filename="../OpenGL/GLM/gtx/extended_min_max.hpp" />
		<Unit filename="../OpenGL/GLM/gtx/exterior_product.hpp" />
		<Unit filename="../OpenGL/GLM/gtx/fast_exponential.hpp" />
		<Unit filename="../OpenGL/GLM/gtx/fast_square_root.hpp" />
		<Unit filename="../OpenGL/GLM/gtx/fast_trigonometry.hpp" />
		<Unit filename="../OpenGL/GLM/gtx/functions.hpp" />
		<Unit filename="../OpenGL/GLM/gtx/gradient_paint.hpp" />
		<Unit filename="../OpenGL/GLM/gtx/handed_coordinate_space.hpp" />
		<Unit filename="../OpenGL/GLM/gtx/hash.hpp" />
		<Unit filename="../OpenGL/GLM/gtx/integer.hpp" />
		<Unit filename="../OpenGL/GLM/gtx/intersect.hpp" />
		<Unit filename="../OpenGL/GLM/gtx/io.hpp" />
		<Unit filename="../OpenGL/GLM/gtx/log_base.hpp" />
		<Unit filename="../OpenGL/GLM/gtx/matrix_cross_product.hpp" />
		<Unit filename="../OpenGL/GLM/gtx/matrix_decompose.hpp" />
		<Unit filename="../OpenGL/GLM/gtx/matrix_factorisation.hpp" />
		<Unit filename="../OpenGL/GLM/gtx/matrix_interpolation.hpp" />
		<Unit filename="../OpenGL/GLM/gtx/matrix_major_storage.hpp" />
		<Unit filename="../OpenGL/GLM/gtx/matrix_operation.hpp" />
		<Unit filename="../OpenGL/GLM/gtx/matrix_query.hpp" />
		<Unit filename="../OpenGL/GLM/gtx/matrix_transform_2d.hpp" />
		<Unit filename="../OpenGL/GLM/gtx/mixed_product.hpp" />
		<Unit filename="../OpenGL/GLM/gtx/norm.hpp" />
		<Unit filename="../OpenGL/GLM/gtx/normal.hpp" />
		<Unit filename="../OpenGL/GLM/gtx/normalize_dot.hpp" />
		<Unit filename="../OpenGL/GLM/gtx/number_precision.hpp" />
		<Unit filename="../OpenGL/GLM/gtx/optimum_pow.hpp" />
		<Unit filename="../OpenGL/GLM/gtx/orthonormalize.hpp" />
		<Unit filename="../OpenGL/GLM/gtx/perpendicular.hpp" />
		<Unit filename="../OpenGL/GLM/gtx/polar_coordinates.hpp" />
		<Unit filename="../OpenGL/GLM/gtx/projection.hpp" />
		<Unit filename="../OpenGL/GLM/gtx/quaternion.hpp" />
		<Unit filename="../OpenGL/GLM/gtx/range.hpp" />
		<Unit filename="../OpenGL/GLM/gtx/raw_data.hpp" />
		<Unit filename="../OpenGL/GLM/gtx/rotate_normalized_axis.hpp" />
		<Unit filename="../OpenGL/GLM/gtx/rotate_vector.hpp" />
		<Unit filename="../OpenGL/GLM/gtx/scalar_multiplication.hpp" />
		<Unit filename="../OpenGL/GLM/gtx/scalar_relational.hpp" />
		<Unit filename="../OpenGL/GLM/gtx/spline.hpp" />
		<Unit filename="../OpenGL/GLM/gtx/std_based_type.hpp" />
		<Unit filename="../OpenGL/GLM/gtx/string_cast.hpp" />
		<Unit filename="../OpenGL/GLM/gtx/texture.hpp" />
		<Unit filename="../OpenGL/GLM/gtx/transform.hpp" />
		<Unit filename="../OpenGL/GLM/gtx/transform2.hpp" />
		<Unit filename="../OpenGL/GLM/gtx/type_aligned.hpp" />
		<Unit filename="../OpenGL/GLM/gtx/type_trait.hpp" />
		<Unit filename="../OpenGL/GLM/gtx/vec_swizzle.hpp" />
		<Unit filename="../OpenGL/GLM/gtx/vector_angle.hpp" />
		<Unit filename="../OpenGL/GLM/gtx/vector_query.hpp" />
		<Unit filename="../OpenGL/GLM/gtx/wrap.hpp" />
		<Unit filename="../OpenGL/GLM/integer.hpp" />
		<Unit filename="../OpenGL/GLM/mat2x2.hpp" />
		<Unit filename="../OpenGL/GLM/mat2x3.hpp" />
		<Unit filename="../OpenGL/GLM/mat2x4.hpp" />
		<Unit filename="../OpenGL/GLM/mat3x2.hpp" />
		<Unit filename="../OpenGL/GLM/mat3x3.hpp" />
		<Unit filename="../OpenGL/GLM/mat3x4.hpp" />
		<Unit filename="../OpenGL/GLM/mat4x2.hpp" />
		<Unit filename="../OpenGL/GLM/mat4x3.hpp" />
		<Unit filename="../OpenGL/GLM/mat4x4.hpp" />
		<Unit filename="../OpenGL/GLM/matrix.hpp" />
		<Unit filename="../OpenGL/GLM/packing.hpp" />
		<Unit filename="../OpenGL/GLM/simd/common.h" />
		<Unit filename="../OpenGL/GLM/simd/exponential.h" />
		<Unit filename="../OpenGL/GLM/simd/geometric.h" />
		<Unit filename="../OpenGL/GLM/simd/integer.h" />
		<Unit filename="../OpenGL/GLM/simd/matrix.h" />
		<Unit filename="../OpenGL/GLM/simd/neon.h" />
		<Unit filename="../OpenGL/GLM/simd/packing.h" />
		<Unit filename="../OpenGL/GLM/simd/platform.h" />
		<Unit filename="../OpenGL/GLM/simd/trigonometric.h" />
		<Unit filename="../OpenGL/GLM/simd/vector_relational.h" />
		<Unit filename="../OpenGL/GLM/trigonometric.hpp" />
		<Unit filename="../OpenGL/GLM/vec2.hpp" />
		<Unit filename="../OpenGL/GLM/vec3.hpp" />
		<Unit filename="../OpenGL/GLM/vec4.hpp" />
		<Unit filename="../OpenGL/GLM/vector_relational.hpp" />
		<Unit filename="../OpenGL/GL_stb_image/include/stb_image.h" />
		<Unit filename="../OpenGL/GL_stb_image/src/stb_image.cpp" />
		<Unit filename="../OpenGL/ImGui/include/imconfig.h" />
		<Unit filename="../OpenGL/ImGui/include/imgui.h" />
		<Unit filename="../OpenGL/ImGui/include/imgui_impl_glfw.h" />
		<Unit filename="../OpenGL/ImGui/include/imgui_impl_opengl3.h" />
		<Unit filename="../OpenGL/ImGui/include/imgui_impl_opengl3_loader.h" />
		<Unit filename="../OpenGL/ImGui/include/imgui_internal.h" />
		<Unit filename="../OpenGL/ImGui/include/imstb_rectpack.h" />
		<Unit filename="../OpenGL/ImGui/include/imstb_textedit.h" />
		<Unit filename="../OpenGL/ImGui/include/imstb_truetype.h" />
		<Unit filename="../OpenGL/ImGui/src/imgui.cpp" />
		<Unit filename="../OpenGL/ImGui/src/imgui_demo.cpp" />
		<Unit filename="../OpenGL/ImGui/src/imgui_draw.cpp" />
		<Unit filename="../OpenGL/ImGui/src/imgui_impl_glfw.cpp" />
		<Unit filename="../OpenGL/ImGui/src/imgui_impl_opengl3.cpp" />
		<Unit filename="../OpenGL/ImGui/src/imgui_tables.cpp" />
		<Unit filename="../OpenGL/ImGui/src/imgui_widgets.cpp" />
		<Unit filename="include/Camera.h" />
		<Unit filename="include/Cube.h" />
		<Unit filename="include/Floor.h" />
		<Unit filename="include/LightMark.h" />
		<Unit filename="include/Pyramid.h" />
		<Unit filename="include/RenderObject.h" />
		<Unit filename="include/SceneGraphNode.h" />
		<Unit filename="include/Shader.h" />
		<Unit filename="include/Transform.h" />
		<Unit filename="include/UserInterface.h" />
		<Unit filename="main.cpp" />
		<Unit filename="resources/shaders/fragmentShader.frag" />
		<Unit filename="resources/shaders/vertexShader.vert" />
		<Unit filename="src/Camera.cpp" />
		<Unit filename="src/Cube.cpp" />
		<Unit filename="src/Floor.cpp" />
		<Unit filename="src/LightMark.cpp" />
		<Unit filename="src/Pyramid.cpp" />
		<Unit filename="src/RenderObject.cpp" />
		<Unit filename="src/SceneGraphNode.cpp" />
		<Unit filename="src/Shader.cpp" />
		<Unit filename="src/Transform.cpp" />
		<Unit filename="src/UserInterface.cpp" />
		<Extensions>
			<lib_finder disable_auto="1" />
		</Extensions>
	</Project>
</CodeBlocks_project_file>
