<?xml version="1.0" encoding="UTF-8" standalone="yes" ?>
<CodeBlocks_project_file>
	<FileVersion major="1" minor="6" />
	<Project>
		<Option title="PAG" />
		<Option pch_mode="2" />
		<Option compiler="gcc" />
		<Build>
			<Target title="Debug">
				<Option output="bin/Debug/PAG" prefix_auto="1" extension_auto="1" />
				<Option object_output="obj/Debug/" />
				<Option type="1" />
				<Option compiler="gcc" />
				<Compiler>
					<Add option="-Wall" />
					<Add option="-g" />
					<Add directory="UkladPlanet" />
					<Add directory="src" />
				</Compiler>
			</Target>
			<Target title="Release">
				<Option output="bin/Release/PAG" prefix_auto="1" extension_auto="1" />
				<Option object_output="obj/Release/" />
				<Option type="1" />
				<Option compiler="gcc" />
				<Compiler>
					<Add option="-O2" />
					<Add directory="include" />
					<Add directory="include/Shape" />
					<Add directory="include/Vertex" />
					<Add directory="UkladPlanet" />
					<Add directory="src" />
				</Compiler>
				<Linker>
					<Add option="-s" />
				</Linker>
			</Target>
		</Build>
		<Compiler>
			<Add option="-Wall" />
			<Add option="-fexceptions" />
			<Add option="-DGLFW_STATIC" />
			<Add directory="D:/DevKit/MinGW_Lib/GLFW/include" />
			<Add directory="D:/DevKit/MinGW_Lib/assimp/include" />
			<Add directory="../OpenGL" />
			<Add directory="../OpenGL/GLAD/include" />
			<Add directory="../OpenGL/ImGui" />
			<Add directory="../OpenGL/ImGui/include" />
			<Add directory="../OpenGL/GL_stb_image/include" />
			<Add directory="include" />
			<Add directory="include/Vertex" />
			<Add directory="include/Shape" />
			<Add directory="include/Model" />
			<Add directory="UkladPlanet" />
		</Compiler>
		<Linker>
			<Add library="glfw3" />
			<Add library="gdi32" />
			<Add library="assimp" />
			<Add directory="D:/DevKit/MinGW_Lib/GLFW/build/src" />
			<Add directory="D:/DevKit/MinGW_Lib/assimp/build/lib" />
		</Linker>
		<Unit filename="../OpenGL/GLAD/include/glad/glad.h" />
		<Unit filename="../OpenGL/GLAD/src/glad.c">
			<Option compilerVar="CC" />
		</Unit>
		<Unit filename="../OpenGL/GL_stb_image/include/stb_image.h" />
		<Unit filename="../OpenGL/GL_stb_image/src/stb_image.cpp" />
		<Unit filename="../OpenGL/ImGui/include/imconfig.h" />
		<Unit filename="../OpenGL/ImGui/include/imgui.h" />
		<Unit filename="../OpenGL/ImGui/include/imgui_impl_glfw.h" />
		<Unit filename="../OpenGL/ImGui/include/imgui_impl_opengl3.h" />
		<Unit filename="../OpenGL/ImGui/include/imgui_impl_opengl3_loader.h" />
		<Unit filename="../OpenGL/ImGui/include/imgui_internal.h" />
		<Unit filename="../OpenGL/ImGui/include/imstb_rectpack.h" />
		<Unit filename="../OpenGL/ImGui/include/imstb_textedit.h" />
		<Unit filename="../OpenGL/ImGui/include/imstb_truetype.h" />
		<Unit filename="../OpenGL/ImGui/src/imgui.cpp" />
		<Unit filename="../OpenGL/ImGui/src/imgui_demo.cpp" />
		<Unit filename="../OpenGL/ImGui/src/imgui_draw.cpp" />
		<Unit filename="../OpenGL/ImGui/src/imgui_impl_glfw.cpp" />
		<Unit filename="../OpenGL/ImGui/src/imgui_impl_opengl3.cpp" />
		<Unit filename="../OpenGL/ImGui/src/imgui_tables.cpp" />
		<Unit filename="../OpenGL/ImGui/src/imgui_widgets.cpp" />
		<Unit filename="UkladPlanet/UkladPlanet.cpp" />
		<Unit filename="UkladPlanet/UkladPlanet.h" />
		<Unit filename="include/Camera.h" />
		<Unit filename="include/Drawable.h" />
		<Unit filename="include/Model/Mesh.h" />
		<Unit filename="include/Model/Model.h" />
		<Unit filename="include/SceneGraph.h" />
		<Unit filename="include/Shader.h" />
		<Unit filename="include/Shape/Circle.h" />
		<Unit filename="include/Shape/CircleShape.h" />
		<Unit filename="include/Shape/Cube.h" />
		<Unit filename="include/Shape/Line.h" />
		<Unit filename="include/Shape/OwnShape.h" />
		<Unit filename="include/Shape/RectangleShape.h" />
		<Unit filename="include/Shape/Shape.h" />
		<Unit filename="include/Shape/Sphere.h" />
		<Unit filename="include/Shape/Tetraedr.h" />
		<Unit filename="include/Texture.h" />
		<Unit filename="include/Transform.h" />
		<Unit filename="include/Vertex/Vertex.h" />
		<Unit filename="include/Vertex/Vertex2.h" />
		<Unit filename="include/Vertex/Vertex3.h" />
		<Unit filename="include/Vertex/Vertex5.h" />
		<Unit filename="include/Vertex/Vertex6.h" />
		<Unit filename="include/Vertex/Vertex8.h" />
		<Unit filename="main.cpp" />
		<Unit filename="resources/shaders/assimpFragmentShader.frag" />
		<Unit filename="resources/shaders/assimpVertexShader.vert" />
		<Unit filename="resources/shaders/fragmentShader.frag">
			<Option target="&lt;{~None~}&gt;" />
		</Unit>
		<Unit filename="resources/shaders/vertexShader.vert">
			<Option target="&lt;{~None~}&gt;" />
		</Unit>
		<Unit filename="src/Camera.cpp" />
		<Unit filename="src/Drawable.cpp" />
		<Unit filename="src/Model/Mesh.cpp" />
		<Unit filename="src/Model/Model.cpp" />
		<Unit filename="src/SceneGraph.cpp" />
		<Unit filename="src/Shader.cpp" />
		<Unit filename="src/Shape/Circle.cpp" />
		<Unit filename="src/Shape/CircleShape.cpp" />
		<Unit filename="src/Shape/Cube.cpp" />
		<Unit filename="src/Shape/Line.cpp" />
		<Unit filename="src/Shape/OwnShape.cpp" />
		<Unit filename="src/Shape/RectangleShape.cpp" />
		<Unit filename="src/Shape/Shape.cpp" />
		<Unit filename="src/Shape/Sphere.cpp" />
		<Unit filename="src/Shape/Tetraedr.cpp" />
		<Unit filename="src/Texture.cpp" />
		<Unit filename="src/Transform.cpp" />
		<Unit filename="src/Vertex/Vertex.cpp" />
		<Unit filename="src/Vertex/Vertex2.cpp" />
		<Unit filename="src/Vertex/Vertex3.cpp" />
		<Unit filename="src/Vertex/Vertex5.cpp" />
		<Unit filename="src/Vertex/Vertex6.cpp" />
		<Unit filename="src/Vertex/Vertex8.cpp" />
		<Extensions>
			<lib_finder disable_auto="1" />
		</Extensions>
	</Project>
</CodeBlocks_project_file>
